hash: 192e9ae9cea9a27016a9d5e65375f03aac5a00593c60181bca6a4a9b290a40d2
updated: 2017-08-03T10:12:29.301884272+08:00
imports:
- name: github.com/BurntSushi/toml
  version: a368813c5e648fee92e5f6c30e3944ff9d5e8895
- name: github.com/dgrijalva/jwt-go
  version: a539ee1a749a2b895533f979515ac7e6e0f5b650
- name: github.com/donnie4w/go-logger
  version: d18a50f3648c49b16f74172196a2aa237a23ad61
  subpackages:
  - logger
- name: github.com/go-sql-driver/mysql
  version: 0b58b37b664c21f3010e836f1b931e1d0b0b0685
- name: github.com/jmoiron/sqlx
  version: d9bd385d68c068f1fabb5057e3dedcbcbb039d0f
  subpackages:
  - reflectx
- name: github.com/labstack/echo
  version: 8d504c1b699c757b267255c53b3e5219f9974abc
  subpackages:
  - middleware
- name: github.com/labstack/gommon
  version: 779b8a8b9850a97acba6a3fe20feb628c39e17c1
  subpackages:
  - bytes
  - color
  - log
  - random
- name: github.com/mattn/go-colorable
  version: 6c0fd4aa6ec5818d5e3ea9e03ae436972a6c5a9a
- name: github.com/mattn/go-isatty
  version: fc9e8d8ef48496124e79ae0df75490096eccf6fe
- name: github.com/pquerna/ffjson
  version: 9d7075fb37d35c5b005b4cd3bdd1074e345a5d4e
  subpackages:
  - ffjson
  - fflib/v1
  - fflib/v1/internal
- name: github.com/smartystreets/goconvey
  version: 7befa7fd6e2e8ca28d2b94f2d39111929904b08d
  subpackages:
  - convey
  - convey/gotest
  - convey/reporting
- name: github.com/tylerb/graceful
  version: 4654dfbb6ad53cb5e27f37d99b02e16c1872fbbb
- name: github.com/valyala/bytebufferpool
  version: e746df99fe4a3986f4d4f79e13c1e0117ce9c2f7
- name: github.com/valyala/fasttemplate
  version: dcecefd839c4193db0d35b88ec65b4c12d360ab0
- name: golang.org/x/crypto
  version: 7f7c0c2d75ebb4e32a21396ce36e87b6dadc91c9
- name: golang.org/x/sys
  version: e312636bdaa2fac4f0acde9d17ab9fbad2b4ad10
  subpackages:
  - unix
testImports:
- name: github.com/garyburd/redigo
  version: ffa8d46ada782d81cfda81a0fbd9f45ceae448e8
  subpackages:
  - internal
  - redis
- name: github.com/gopherjs/gopherjs
  version: 00f306e07eaaaab04ea5dba605cd0e1eff9c6fb7
  subpackages:
  - js
- name: github.com/jtolds/gls
  version: 8ddce2a84170772b95dd5d576c48d517b22cac63
- name: github.com/smartystreets/assertions
  version: 2063fd1cc7c975db70502811a34b06ad034ccdf2
  subpackages:
  - internal/go-render/render
  - internal/oglematchers
